
Microsoft Visual Studio Solution File, Format Version 12.00
# Visual Studio 15
VisualStudioVersion = 15.0.28307.489
MinimumVisualStudioVersion = 10.0.40219.1
Project("{FAE04EC0-301F-11D3-BF4B-00C04F79EFBC}") = "GmailForm", "GmailForm\GmailForm.csproj", "{5B5150E3-DA60-42D6-9972-64ECA9C3128E}"
EndProject
Global
	GlobalSection(SolutionConfigurationPlatforms) = preSolution
		Debug|Any CPU = Debug|Any CPU
		Debug|x64 = Debug|x64
		Release|Any CPU = Release|Any CPU
		Release|x64 = Release|x64
	EndGlobalSection
	GlobalSection(ProjectConfigurationPlatforms) = postSolution
		{5B5150E3-DA60-42D6-9972-64ECA9C3128E}.Debug|Any CPU.ActiveCfg = Debug|Any CPU
		{5B5150E3-DA60-42D6-9972-64ECA9C3128E}.Debug|Any CPU.Build.0 = Debug|Any CPU
		{5B5150E3-DA60-42D6-9972-64ECA9C3128E}.Debug|x64.ActiveCfg = Debug|x64
		{5B5150E3-DA60-42D6-9972-64ECA9C3128E}.Debug|x64.Build.0 = Debug|x64
		{5B5150E3-DA60-42D6-9972-64ECA9C3128E}.Release|Any CPU.ActiveCfg = Release|Any CPU
		{5B5150E3-DA60-42D6-9972-64ECA9C3128E}.Release|Any CPU.Build.0 = Release|Any CPU
		{5B5150E3-DA60-42D6-9972-64ECA9C3128E}.Release|x64.ActiveCfg = Release|x64
		{5B5150E3-DA60-42D6-9972-64ECA9C3128E}.Release|x64.Build.0 = Release|x64
	EndGlobalSection
	GlobalSection(SolutionProperties) = preSolution
		HideSolutionNode = FALSE
	EndGlobalSection
	GlobalSection(ExtensibilityGlobals) = postSolution
		SolutionGuid = {56696C84-1D2C-411F-9B67-1AE015CE35D4}
	EndGlobalSection
EndGlobal
